
Microsoft Visual Studio Solution File, Format Version 12.00
# Visual Studio Version 17
VisualStudioVersion = 17.0.32112.339
MinimumVisualStudioVersion = 10.0.40219.1
Project("{FAE04EC0-301F-11D3-BF4B-00C04F79EFBC}") = "zad2", "zad2\zad2.csproj", "{9856B95B-60EA-4790-A023-5746D9E8B74D}"
EndProject
Global
	GlobalSection(SolutionConfigurationPlatforms) = preSolution
		Debug|Any CPU = Debug|Any CPU
		Release|Any CPU = Release|Any CPU
	EndGlobalSection
	GlobalSection(ProjectConfigurationPlatforms) = postSolution
		{9856B95B-60EA-4790-A023-5746D9E8B74D}.Debug|Any CPU.ActiveCfg = Debug|Any CPU
		{9856B95B-60EA-4790-A023-5746D9E8B74D}.Debug|Any CPU.Build.0 = Debug|Any CPU
		{9856B95B-60EA-4790-A023-5746D9E8B74D}.Release|Any CPU.ActiveCfg = Release|Any CPU
		{9856B95B-60EA-4790-A023-5746D9E8B74D}.Release|Any CPU.Build.0 = Release|Any CPU
	EndGlobalSection
	GlobalSection(SolutionProperties) = preSolution
		HideSolutionNode = FALSE
	EndGlobalSection
	GlobalSection(ExtensibilityGlobals) = postSolution
		SolutionGuid = {D8776EB2-B778-470D-B79C-449C12CF9431}
	EndGlobalSection
EndGlobal
