
Microsoft Visual Studio Solution File, Format Version 12.00
# Visual Studio Version 17
VisualStudioVersion = 17.0.32112.339
MinimumVisualStudioVersion = 10.0.40219.1
Project("{FAE04EC0-301F-11D3-BF4B-00C04F79EFBC}") = "zad1", "zad1\zad1.csproj", "{D6E0C572-E04F-4A62-B50F-D10EDE4A2D5C}"
EndProject
Global
	GlobalSection(SolutionConfigurationPlatforms) = preSolution
		Debug|Any CPU = Debug|Any CPU
		Release|Any CPU = Release|Any CPU
	EndGlobalSection
	GlobalSection(ProjectConfigurationPlatforms) = postSolution
		{D6E0C572-E04F-4A62-B50F-D10EDE4A2D5C}.Debug|Any CPU.ActiveCfg = Debug|Any CPU
		{D6E0C572-E04F-4A62-B50F-D10EDE4A2D5C}.Debug|Any CPU.Build.0 = Debug|Any CPU
		{D6E0C572-E04F-4A62-B50F-D10EDE4A2D5C}.Release|Any CPU.ActiveCfg = Release|Any CPU
		{D6E0C572-E04F-4A62-B50F-D10EDE4A2D5C}.Release|Any CPU.Build.0 = Release|Any CPU
	EndGlobalSection
	GlobalSection(SolutionProperties) = preSolution
		HideSolutionNode = FALSE
	EndGlobalSection
	GlobalSection(ExtensibilityGlobals) = postSolution
		SolutionGuid = {118BBC17-796E-4822-90DF-98A679D15C6C}
	EndGlobalSection
EndGlobal
